// !$*UTF8*$!
{
	archiveVersion = 1;
	classes = {
	};
	objectVersion = 55;
	objects = {

/* Begin PBXBuildFile section */
		F651873426FD4CAB009CDF69 /* kandji_demoApp.swift in Sources */ = {isa = PBXBuildFile; fileRef = F651873326FD4CAB009CDF69 /* kandji_demoApp.swift */; };
		F651873626FD4CAB009CDF69 /* ContentView.swift in Sources */ = {isa = PBXBuildFile; fileRef = F651873526FD4CAB009CDF69 /* ContentView.swift */; };
		F651873826FD4CAE009CDF69 /* Assets.xcassets in Resources */ = {isa = PBXBuildFile; fileRef = F651873726FD4CAE009CDF69 /* Assets.xcassets */; };
		F651873B26FD4CAE009CDF69 /* Preview Assets.xcassets in Resources */ = {isa = PBXBuildFile; fileRef = F651873A26FD4CAE009CDF69 /* Preview Assets.xcassets */; };
		F651874626FD4CAE009CDF69 /* kandji_demoTests.swift in Sources */ = {isa = PBXBuildFile; fileRef = F651874526FD4CAE009CDF69 /* kandji_demoTests.swift */; };
		F651875026FD4CAE009CDF69 /* kandji_demoUITests.swift in Sources */ = {isa = PBXBuildFile; fileRef = F651874F26FD4CAE009CDF69 /* kandji_demoUITests.swift */; };
		F651875226FD4CAE009CDF69 /* kandji_demoUITestsLaunchTests.swift in Sources */ = {isa = PBXBuildFile; fileRef = F651875126FD4CAE009CDF69 /* kandji_demoUITestsLaunchTests.swift */; };
		F651876D26FD4CC2009CDF69 /* filexpc.xpc in Embed XPC Services */ = {isa = PBXBuildFile; fileRef = F651876226FD4CC2009CDF69 /* filexpc.xpc */; settings = {ATTRIBUTES = (RemoveHeadersOnCopy, ); }; };
		F6518784270287C8009CDF69 /* main.swift in Sources */ = {isa = PBXBuildFile; fileRef = F6518782270287C8009CDF69 /* main.swift */; };
		F65187862702885D009CDF69 /* XpcProtocol.swift in Sources */ = {isa = PBXBuildFile; fileRef = F651877E27028616009CDF69 /* XpcProtocol.swift */; };
		F65187892702890A009CDF69 /* Info.plist in Resources */ = {isa = PBXBuildFile; fileRef = F651876A26FD4CC2009CDF69 /* Info.plist */; };
		F651878A2702895F009CDF69 /* XpcProtocol.swift in Sources */ = {isa = PBXBuildFile; fileRef = F651877E27028616009CDF69 /* XpcProtocol.swift */; };
		F651878C2702917F009CDF69 /* XpcProtocolClass.swift in Sources */ = {isa = PBXBuildFile; fileRef = F651878B2702917F009CDF69 /* XpcProtocolClass.swift */; };
		F651878D2702917F009CDF69 /* XpcProtocolClass.swift in Sources */ = {isa = PBXBuildFile; fileRef = F651878B2702917F009CDF69 /* XpcProtocolClass.swift */; };
/* End PBXBuildFile section */

/* Begin PBXContainerItemProxy section */
		F651874226FD4CAE009CDF69 /* PBXContainerItemProxy */ = {
			isa = PBXContainerItemProxy;
			containerPortal = F651872826FD4CAB009CDF69 /* Project object */;
			proxyType = 1;
			remoteGlobalIDString = F651872F26FD4CAB009CDF69;
			remoteInfo = "kandji-demo";
		};
		F651874C26FD4CAE009CDF69 /* PBXContainerItemProxy */ = {
			isa = PBXContainerItemProxy;
			containerPortal = F651872826FD4CAB009CDF69 /* Project object */;
			proxyType = 1;
			remoteGlobalIDString = F651872F26FD4CAB009CDF69;
			remoteInfo = "kandji-demo";
		};
		F651876B26FD4CC2009CDF69 /* PBXContainerItemProxy */ = {
			isa = PBXContainerItemProxy;
			containerPortal = F651872826FD4CAB009CDF69 /* Project object */;
			proxyType = 1;
			remoteGlobalIDString = F651876126FD4CC2009CDF69;
			remoteInfo = xpc;
		};
/* End PBXContainerItemProxy section */

/* Begin PBXCopyFilesBuildPhase section */
		F651877126FD4CC2009CDF69 /* Embed XPC Services */ = {
			isa = PBXCopyFilesBuildPhase;
			buildActionMask = 2147483647;
			dstPath = "$(CONTENTS_FOLDER_PATH)/XPCServices";
			dstSubfolderSpec = 16;
			files = (
				F651876D26FD4CC2009CDF69 /* filexpc.xpc in Embed XPC Services */,
			);
			name = "Embed XPC Services";
			runOnlyForDeploymentPostprocessing = 0;
		};
/* End PBXCopyFilesBuildPhase section */

/* Begin PBXFileReference section */
		F651873026FD4CAB009CDF69 /* kandji-demo.app */ = {isa = PBXFileReference; explicitFileType = wrapper.application; includeInIndex = 0; path = "kandji-demo.app"; sourceTree = BUILT_PRODUCTS_DIR; };
		F651873326FD4CAB009CDF69 /* kandji_demoApp.swift */ = {isa = PBXFileReference; lastKnownFileType = sourcecode.swift; path = kandji_demoApp.swift; sourceTree = "<group>"; };
		F651873526FD4CAB009CDF69 /* ContentView.swift */ = {isa = PBXFileReference; lastKnownFileType = sourcecode.swift; path = ContentView.swift; sourceTree = "<group>"; };
		F651873726FD4CAE009CDF69 /* Assets.xcassets */ = {isa = PBXFileReference; lastKnownFileType = folder.assetcatalog; path = Assets.xcassets; sourceTree = "<group>"; };
		F651873A26FD4CAE009CDF69 /* Preview Assets.xcassets */ = {isa = PBXFileReference; lastKnownFileType = folder.assetcatalog; path = "Preview Assets.xcassets"; sourceTree = "<group>"; };
		F651873C26FD4CAE009CDF69 /* kandji_demo.entitlements */ = {isa = PBXFileReference; lastKnownFileType = text.plist.entitlements; path = kandji_demo.entitlements; sourceTree = "<group>"; };
		F651874126FD4CAE009CDF69 /* kandji-demoTests.xctest */ = {isa = PBXFileReference; explicitFileType = wrapper.cfbundle; includeInIndex = 0; path = "kandji-demoTests.xctest"; sourceTree = BUILT_PRODUCTS_DIR; };
		F651874526FD4CAE009CDF69 /* kandji_demoTests.swift */ = {isa = PBXFileReference; lastKnownFileType = sourcecode.swift; path = kandji_demoTests.swift; sourceTree = "<group>"; };
		F651874B26FD4CAE009CDF69 /* kandji-demoUITests.xctest */ = {isa = PBXFileReference; explicitFileType = wrapper.cfbundle; includeInIndex = 0; path = "kandji-demoUITests.xctest"; sourceTree = BUILT_PRODUCTS_DIR; };
		F651874F26FD4CAE009CDF69 /* kandji_demoUITests.swift */ = {isa = PBXFileReference; lastKnownFileType = sourcecode.swift; path = kandji_demoUITests.swift; sourceTree = "<group>"; };
		F651875126FD4CAE009CDF69 /* kandji_demoUITestsLaunchTests.swift */ = {isa = PBXFileReference; lastKnownFileType = sourcecode.swift; path = kandji_demoUITestsLaunchTests.swift; sourceTree = "<group>"; };
		F651876226FD4CC2009CDF69 /* filexpc.xpc */ = {isa = PBXFileReference; explicitFileType = "wrapper.xpc-service"; includeInIndex = 0; path = filexpc.xpc; sourceTree = BUILT_PRODUCTS_DIR; };
		F651876A26FD4CC2009CDF69 /* Info.plist */ = {isa = PBXFileReference; lastKnownFileType = text.plist.xml; path = Info.plist; sourceTree = "<group>"; };
		F651877E27028616009CDF69 /* XpcProtocol.swift */ = {isa = PBXFileReference; lastKnownFileType = sourcecode.swift; path = XpcProtocol.swift; sourceTree = "<group>"; };
		F6518782270287C8009CDF69 /* main.swift */ = {isa = PBXFileReference; lastKnownFileType = sourcecode.swift; path = main.swift; sourceTree = "<group>"; };
		F651878B2702917F009CDF69 /* XpcProtocolClass.swift */ = {isa = PBXFileReference; lastKnownFileType = sourcecode.swift; path = XpcProtocolClass.swift; sourceTree = "<group>"; };
		F651878E270292A5009CDF69 /* filexpc.entitlements */ = {isa = PBXFileReference; lastKnownFileType = text.plist.entitlements; path = filexpc.entitlements; sourceTree = "<group>"; };
/* End PBXFileReference section */

/* Begin PBXFrameworksBuildPhase section */
		F651872D26FD4CAB009CDF69 /* Frameworks */ = {
			isa = PBXFrameworksBuildPhase;
			buildActionMask = 2147483647;
			files = (
			);
			runOnlyForDeploymentPostprocessing = 0;
		};
		F651873E26FD4CAE009CDF69 /* Frameworks */ = {
			isa = PBXFrameworksBuildPhase;
			buildActionMask = 2147483647;
			files = (
			);
			runOnlyForDeploymentPostprocessing = 0;
		};
		F651874826FD4CAE009CDF69 /* Frameworks */ = {
			isa = PBXFrameworksBuildPhase;
			buildActionMask = 2147483647;
			files = (
			);
			runOnlyForDeploymentPostprocessing = 0;
		};
		F651875F26FD4CC2009CDF69 /* Frameworks */ = {
			isa = PBXFrameworksBuildPhase;
			buildActionMask = 2147483647;
			files = (
			);
			runOnlyForDeploymentPostprocessing = 0;
		};
/* End PBXFrameworksBuildPhase section */

/* Begin PBXGroup section */
		F651872726FD4CAB009CDF69 = {
			isa = PBXGroup;
			children = (
				F651873226FD4CAB009CDF69 /* kandji-demo */,
				F651874426FD4CAE009CDF69 /* kandji-demoTests */,
				F651874E26FD4CAE009CDF69 /* kandji-demoUITests */,
				F651876326FD4CC2009CDF69 /* filexpc */,
				F651873126FD4CAB009CDF69 /* Products */,
			);
			sourceTree = "<group>";
		};
		F651873126FD4CAB009CDF69 /* Products */ = {
			isa = PBXGroup;
			children = (
				F651873026FD4CAB009CDF69 /* kandji-demo.app */,
				F651874126FD4CAE009CDF69 /* kandji-demoTests.xctest */,
				F651874B26FD4CAE009CDF69 /* kandji-demoUITests.xctest */,
				F651876226FD4CC2009CDF69 /* filexpc.xpc */,
			);
			name = Products;
			sourceTree = "<group>";
		};
		F651873226FD4CAB009CDF69 /* kandji-demo */ = {
			isa = PBXGroup;
			children = (
				F651873326FD4CAB009CDF69 /* kandji_demoApp.swift */,
				F651873526FD4CAB009CDF69 /* ContentView.swift */,
				F651873726FD4CAE009CDF69 /* Assets.xcassets */,
				F651873C26FD4CAE009CDF69 /* kandji_demo.entitlements */,
				F651873926FD4CAE009CDF69 /* Preview Content */,
			);
			path = "kandji-demo";
			sourceTree = "<group>";
		};
		F651873926FD4CAE009CDF69 /* Preview Content */ = {
			isa = PBXGroup;
			children = (
				F651873A26FD4CAE009CDF69 /* Preview Assets.xcassets */,
			);
			path = "Preview Content";
			sourceTree = "<group>";
		};
		F651874426FD4CAE009CDF69 /* kandji-demoTests */ = {
			isa = PBXGroup;
			children = (
				F651874526FD4CAE009CDF69 /* kandji_demoTests.swift */,
			);
			path = "kandji-demoTests";
			sourceTree = "<group>";
		};
		F651874E26FD4CAE009CDF69 /* kandji-demoUITests */ = {
			isa = PBXGroup;
			children = (
				F651874F26FD4CAE009CDF69 /* kandji_demoUITests.swift */,
				F651875126FD4CAE009CDF69 /* kandji_demoUITestsLaunchTests.swift */,
			);
			path = "kandji-demoUITests";
			sourceTree = "<group>";
		};
		F651876326FD4CC2009CDF69 /* filexpc */ = {
			isa = PBXGroup;
			children = (
				F651878E270292A5009CDF69 /* filexpc.entitlements */,
				F651877E27028616009CDF69 /* XpcProtocol.swift */,
				F6518782270287C8009CDF69 /* main.swift */,
				F651878B2702917F009CDF69 /* XpcProtocolClass.swift */,
				F651876A26FD4CC2009CDF69 /* Info.plist */,
			);
			path = filexpc;
			sourceTree = "<group>";
		};
/* End PBXGroup section */

/* Begin PBXNativeTarget section */
		F651872F26FD4CAB009CDF69 /* kandji-demo */ = {
			isa = PBXNativeTarget;
			buildConfigurationList = F651875526FD4CAE009CDF69 /* Build configuration list for PBXNativeTarget "kandji-demo" */;
			buildPhases = (
				F651872C26FD4CAB009CDF69 /* Sources */,
				F651872D26FD4CAB009CDF69 /* Frameworks */,
				F651872E26FD4CAB009CDF69 /* Resources */,
				F651877126FD4CC2009CDF69 /* Embed XPC Services */,
			);
			buildRules = (
			);
			dependencies = (
				F651876C26FD4CC2009CDF69 /* PBXTargetDependency */,
			);
			name = "kandji-demo";
			productName = "kandji-demo";
			productReference = F651873026FD4CAB009CDF69 /* kandji-demo.app */;
			productType = "com.apple.product-type.application";
		};
		F651874026FD4CAE009CDF69 /* kandji-demoTests */ = {
			isa = PBXNativeTarget;
			buildConfigurationList = F651875826FD4CAE009CDF69 /* Build configuration list for PBXNativeTarget "kandji-demoTests" */;
			buildPhases = (
				F651873D26FD4CAE009CDF69 /* Sources */,
				F651873E26FD4CAE009CDF69 /* Frameworks */,
				F651873F26FD4CAE009CDF69 /* Resources */,
			);
			buildRules = (
			);
			dependencies = (
				F651874326FD4CAE009CDF69 /* PBXTargetDependency */,
			);
			name = "kandji-demoTests";
			productName = "kandji-demoTests";
			productReference = F651874126FD4CAE009CDF69 /* kandji-demoTests.xctest */;
			productType = "com.apple.product-type.bundle.unit-test";
		};
		F651874A26FD4CAE009CDF69 /* kandji-demoUITests */ = {
			isa = PBXNativeTarget;
			buildConfigurationList = F651875B26FD4CAE009CDF69 /* Build configuration list for PBXNativeTarget "kandji-demoUITests" */;
			buildPhases = (
				F651874726FD4CAE009CDF69 /* Sources */,
				F651874826FD4CAE009CDF69 /* Frameworks */,
				F651874926FD4CAE009CDF69 /* Resources */,
			);
			buildRules = (
			);
			dependencies = (
				F651874D26FD4CAE009CDF69 /* PBXTargetDependency */,
			);
			name = "kandji-demoUITests";
			productName = "kandji-demoUITests";
			productReference = F651874B26FD4CAE009CDF69 /* kandji-demoUITests.xctest */;
			productType = "com.apple.product-type.bundle.ui-testing";
		};
		F651876126FD4CC2009CDF69 /* filexpc */ = {
			isa = PBXNativeTarget;
			buildConfigurationList = F651876E26FD4CC2009CDF69 /* Build configuration list for PBXNativeTarget "filexpc" */;
			buildPhases = (
				F651875E26FD4CC2009CDF69 /* Sources */,
				F651875F26FD4CC2009CDF69 /* Frameworks */,
				F651876026FD4CC2009CDF69 /* Resources */,
			);
			buildRules = (
			);
			dependencies = (
			);
			name = filexpc;
			productName = xpc;
			productReference = F651876226FD4CC2009CDF69 /* filexpc.xpc */;
			productType = "com.apple.product-type.xpc-service";
		};
/* End PBXNativeTarget section */

/* Begin PBXProject section */
		F651872826FD4CAB009CDF69 /* Project object */ = {
			isa = PBXProject;
			attributes = {
				BuildIndependentTargetsInParallel = 1;
				LastSwiftUpdateCheck = 1300;
				LastUpgradeCheck = 1300;
				TargetAttributes = {
					F651872F26FD4CAB009CDF69 = {
						CreatedOnToolsVersion = 13.0;
					};
					F651874026FD4CAE009CDF69 = {
						CreatedOnToolsVersion = 13.0;
						TestTargetID = F651872F26FD4CAB009CDF69;
					};
					F651874A26FD4CAE009CDF69 = {
						CreatedOnToolsVersion = 13.0;
						TestTargetID = F651872F26FD4CAB009CDF69;
					};
					F651876126FD4CC2009CDF69 = {
						CreatedOnToolsVersion = 13.0;
						LastSwiftMigration = 1300;
					};
				};
			};
			buildConfigurationList = F651872B26FD4CAB009CDF69 /* Build configuration list for PBXProject "kandji-demo" */;
			compatibilityVersion = "Xcode 13.0";
			developmentRegion = en;
			hasScannedForEncodings = 0;
			knownRegions = (
				en,
				Base,
			);
			mainGroup = F651872726FD4CAB009CDF69;
			productRefGroup = F651873126FD4CAB009CDF69 /* Products */;
			projectDirPath = "";
			projectRoot = "";
			targets = (
				F651872F26FD4CAB009CDF69 /* kandji-demo */,
				F651874026FD4CAE009CDF69 /* kandji-demoTests */,
				F651874A26FD4CAE009CDF69 /* kandji-demoUITests */,
				F651876126FD4CC2009CDF69 /* filexpc */,
			);
		};
/* End PBXProject section */

/* Begin PBXResourcesBuildPhase section */
		F651872E26FD4CAB009CDF69 /* Resources */ = {
			isa = PBXResourcesBuildPhase;
			buildActionMask = 2147483647;
			files = (
				F651873B26FD4CAE009CDF69 /* Preview Assets.xcassets in Resources */,
				F651873826FD4CAE009CDF69 /* Assets.xcassets in Resources */,
			);
			runOnlyForDeploymentPostprocessing = 0;
		};
		F651873F26FD4CAE009CDF69 /* Resources */ = {
			isa = PBXResourcesBuildPhase;
			buildActionMask = 2147483647;
			files = (
			);
			runOnlyForDeploymentPostprocessing = 0;
		};
		F651874926FD4CAE009CDF69 /* Resources */ = {
			isa = PBXResourcesBuildPhase;
			buildActionMask = 2147483647;
			files = (
			);
			runOnlyForDeploymentPostprocessing = 0;
		};
		F651876026FD4CC2009CDF69 /* Resources */ = {
			isa = PBXResourcesBuildPhase;
			buildActionMask = 2147483647;
			files = (
				F65187892702890A009CDF69 /* Info.plist in Resources */,
			);
			runOnlyForDeploymentPostprocessing = 0;
		};
/* End PBXResourcesBuildPhase section */

/* Begin PBXSourcesBuildPhase section */
		F651872C26FD4CAB009CDF69 /* Sources */ = {
			isa = PBXSourcesBuildPhase;
			buildActionMask = 2147483647;
			files = (
				F651878C2702917F009CDF69 /* XpcProtocolClass.swift in Sources */,
				F651878A2702895F009CDF69 /* XpcProtocol.swift in Sources */,
				F651873626FD4CAB009CDF69 /* ContentView.swift in Sources */,
				F651873426FD4CAB009CDF69 /* kandji_demoApp.swift in Sources */,
			);
			runOnlyForDeploymentPostprocessing = 0;
		};
		F651873D26FD4CAE009CDF69 /* Sources */ = {
			isa = PBXSourcesBuildPhase;
			buildActionMask = 2147483647;
			files = (
				F651874626FD4CAE009CDF69 /* kandji_demoTests.swift in Sources */,
			);
			runOnlyForDeploymentPostprocessing = 0;
		};
		F651874726FD4CAE009CDF69 /* Sources */ = {
			isa = PBXSourcesBuildPhase;
			buildActionMask = 2147483647;
			files = (
				F651875226FD4CAE009CDF69 /* kandji_demoUITestsLaunchTests.swift in Sources */,
				F651875026FD4CAE009CDF69 /* kandji_demoUITests.swift in Sources */,
			);
			runOnlyForDeploymentPostprocessing = 0;
		};
		F651875E26FD4CC2009CDF69 /* Sources */ = {
			isa = PBXSourcesBuildPhase;
			buildActionMask = 2147483647;
			files = (
				F6518784270287C8009CDF69 /* main.swift in Sources */,
				F651878D2702917F009CDF69 /* XpcProtocolClass.swift in Sources */,
				F65187862702885D009CDF69 /* XpcProtocol.swift in Sources */,
			);
			runOnlyForDeploymentPostprocessing = 0;
		};
/* End PBXSourcesBuildPhase section */

/* Begin PBXTargetDependency section */
		F651874326FD4CAE009CDF69 /* PBXTargetDependency */ = {
			isa = PBXTargetDependency;
			target = F651872F26FD4CAB009CDF69 /* kandji-demo */;
			targetProxy = F651874226FD4CAE009CDF69 /* PBXContainerItemProxy */;
		};
		F651874D26FD4CAE009CDF69 /* PBXTargetDependency */ = {
			isa = PBXTargetDependency;
			target = F651872F26FD4CAB009CDF69 /* kandji-demo */;
			targetProxy = F651874C26FD4CAE009CDF69 /* PBXContainerItemProxy */;
		};
		F651876C26FD4CC2009CDF69 /* PBXTargetDependency */ = {
			isa = PBXTargetDependency;
			target = F651876126FD4CC2009CDF69 /* filexpc */;
			targetProxy = F651876B26FD4CC2009CDF69 /* PBXContainerItemProxy */;
		};
/* End PBXTargetDependency section */

/* Begin XCBuildConfiguration section */
		F651875326FD4CAE009CDF69 /* Debug */ = {
			isa = XCBuildConfiguration;
			buildSettings = {
				ALWAYS_SEARCH_USER_PATHS = NO;
				CLANG_ANALYZER_NONNULL = YES;
				CLANG_ANALYZER_NUMBER_OBJECT_CONVERSION = YES_AGGRESSIVE;
				CLANG_CXX_LANGUAGE_STANDARD = "gnu++17";
				CLANG_CXX_LIBRARY = "libc++";
				CLANG_ENABLE_MODULES = YES;
				CLANG_ENABLE_OBJC_ARC = YES;
				CLANG_ENABLE_OBJC_WEAK = YES;
				CLANG_WARN_BLOCK_CAPTURE_AUTORELEASING = YES;
				CLANG_WARN_BOOL_CONVERSION = YES;
				CLANG_WARN_COMMA = YES;
				CLANG_WARN_CONSTANT_CONVERSION = YES;
				CLANG_WARN_DEPRECATED_OBJC_IMPLEMENTATIONS = YES;
				CLANG_WARN_DIRECT_OBJC_ISA_USAGE = YES_ERROR;
				CLANG_WARN_DOCUMENTATION_COMMENTS = YES;
				CLANG_WARN_EMPTY_BODY = YES;
				CLANG_WARN_ENUM_CONVERSION = YES;
				CLANG_WARN_INFINITE_RECURSION = YES;
				CLANG_WARN_INT_CONVERSION = YES;
				CLANG_WARN_NON_LITERAL_NULL_CONVERSION = YES;
				CLANG_WARN_OBJC_IMPLICIT_RETAIN_SELF = YES;
				CLANG_WARN_OBJC_LITERAL_CONVERSION = YES;
				CLANG_WARN_OBJC_ROOT_CLASS = YES_ERROR;
				CLANG_WARN_QUOTED_INCLUDE_IN_FRAMEWORK_HEADER = YES;
				CLANG_WARN_RANGE_LOOP_ANALYSIS = YES;
				CLANG_WARN_STRICT_PROTOTYPES = YES;
				CLANG_WARN_SUSPICIOUS_MOVE = YES;
				CLANG_WARN_UNGUARDED_AVAILABILITY = YES_AGGRESSIVE;
				CLANG_WARN_UNREACHABLE_CODE = YES;
				CLANG_WARN__DUPLICATE_METHOD_MATCH = YES;
				COPY_PHASE_STRIP = NO;
				DEBUG_INFORMATION_FORMAT = dwarf;
				ENABLE_STRICT_OBJC_MSGSEND = YES;
				ENABLE_TESTABILITY = YES;
				GCC_C_LANGUAGE_STANDARD = gnu11;
				GCC_DYNAMIC_NO_PIC = NO;
				GCC_NO_COMMON_BLOCKS = YES;
				GCC_OPTIMIZATION_LEVEL = 0;
				GCC_PREPROCESSOR_DEFINITIONS = (
					"DEBUG=1",
					"$(inherited)",
				);
				GCC_WARN_64_TO_32_BIT_CONVERSION = YES;
				GCC_WARN_ABOUT_RETURN_TYPE = YES_ERROR;
				GCC_WARN_UNDECLARED_SELECTOR = YES;
				GCC_WARN_UNINITIALIZED_AUTOS = YES_AGGRESSIVE;
				GCC_WARN_UNUSED_FUNCTION = YES;
				GCC_WARN_UNUSED_VARIABLE = YES;
				MACOSX_DEPLOYMENT_TARGET = 11.3;
				MTL_ENABLE_DEBUG_INFO = INCLUDE_SOURCE;
				MTL_FAST_MATH = YES;
				ONLY_ACTIVE_ARCH = YES;
				SDKROOT = macosx;
				SWIFT_ACTIVE_COMPILATION_CONDITIONS = DEBUG;
				SWIFT_OPTIMIZATION_LEVEL = "-Onone";
			};
			name = Debug;
		};
		F651875426FD4CAE009CDF69 /* Release */ = {
			isa = XCBuildConfiguration;
			buildSettings = {
				ALWAYS_SEARCH_USER_PATHS = NO;
				CLANG_ANALYZER_NONNULL = YES;
				CLANG_ANALYZER_NUMBER_OBJECT_CONVERSION = YES_AGGRESSIVE;
				CLANG_CXX_LANGUAGE_STANDARD = "gnu++17";
				CLANG_CXX_LIBRARY = "libc++";
				CLANG_ENABLE_MODULES = YES;
				CLANG_ENABLE_OBJC_ARC = YES;
				CLANG_ENABLE_OBJC_WEAK = YES;
				CLANG_WARN_BLOCK_CAPTURE_AUTORELEASING = YES;
				CLANG_WARN_BOOL_CONVERSION = YES;
				CLANG_WARN_COMMA = YES;
				CLANG_WARN_CONSTANT_CONVERSION = YES;
				CLANG_WARN_DEPRECATED_OBJC_IMPLEMENTATIONS = YES;
				CLANG_WARN_DIRECT_OBJC_ISA_USAGE = YES_ERROR;
				CLANG_WARN_DOCUMENTATION_COMMENTS = YES;
				CLANG_WARN_EMPTY_BODY = YES;
				CLANG_WARN_ENUM_CONVERSION = YES;
				CLANG_WARN_INFINITE_RECURSION = YES;
				CLANG_WARN_INT_CONVERSION = YES;
				CLANG_WARN_NON_LITERAL_NULL_CONVERSION = YES;
				CLANG_WARN_OBJC_IMPLICIT_RETAIN_SELF = YES;
				CLANG_WARN_OBJC_LITERAL_CONVERSION = YES;
				CLANG_WARN_OBJC_ROOT_CLASS = YES_ERROR;
				CLANG_WARN_QUOTED_INCLUDE_IN_FRAMEWORK_HEADER = YES;
				CLANG_WARN_RANGE_LOOP_ANALYSIS = YES;
				CLANG_WARN_STRICT_PROTOTYPES = YES;
				CLANG_WARN_SUSPICIOUS_MOVE = YES;
				CLANG_WARN_UNGUARDED_AVAILABILITY = YES_AGGRESSIVE;
				CLANG_WARN_UNREACHABLE_CODE = YES;
				CLANG_WARN__DUPLICATE_METHOD_MATCH = YES;
				COPY_PHASE_STRIP = NO;
				DEBUG_INFORMATION_FORMAT = "dwarf-with-dsym";
				ENABLE_NS_ASSERTIONS = NO;
				ENABLE_STRICT_OBJC_MSGSEND = YES;
				GCC_C_LANGUAGE_STANDARD = gnu11;
				GCC_NO_COMMON_BLOCKS = YES;
				GCC_WARN_64_TO_32_BIT_CONVERSION = YES;
				GCC_WARN_ABOUT_RETURN_TYPE = YES_ERROR;
				GCC_WARN_UNDECLARED_SELECTOR = YES;
				GCC_WARN_UNINITIALIZED_AUTOS = YES_AGGRESSIVE;
				GCC_WARN_UNUSED_FUNCTION = YES;
				GCC_WARN_UNUSED_VARIABLE = YES;
				MACOSX_DEPLOYMENT_TARGET = 11.3;
				MTL_ENABLE_DEBUG_INFO = NO;
				MTL_FAST_MATH = YES;
				SDKROOT = macosx;
				SWIFT_COMPILATION_MODE = wholemodule;
				SWIFT_OPTIMIZATION_LEVEL = "-O";
			};
			name = Release;
		};
		F651875626FD4CAE009CDF69 /* Debug */ = {
			isa = XCBuildConfiguration;
			buildSettings = {
				ALWAYS_EMBED_SWIFT_STANDARD_LIBRARIES = YES;
				ASSETCATALOG_COMPILER_APPICON_NAME = AppIcon;
				ASSETCATALOG_COMPILER_GLOBAL_ACCENT_COLOR_NAME = AccentColor;
				CODE_SIGN_ENTITLEMENTS = "kandji-demo/kandji_demo.entitlements";
				CODE_SIGN_IDENTITY = "Apple Development";
				CODE_SIGN_STYLE = Automatic;
				COMBINE_HIDPI_IMAGES = YES;
				CURRENT_PROJECT_VERSION = 1;
				DEVELOPMENT_ASSET_PATHS = "\"kandji-demo/Preview Content\"";
				DEVELOPMENT_TEAM = C6L3992RFB;
				ENABLE_HARDENED_RUNTIME = YES;
				ENABLE_PREVIEWS = YES;
				GENERATE_INFOPLIST_FILE = YES;
				INFOPLIST_KEY_NSHumanReadableCopyright = "";
				LD_RUNPATH_SEARCH_PATHS = (
					"$(inherited)",
					"@executable_path/../Frameworks",
				);
				MACOSX_DEPLOYMENT_TARGET = 11.0;
				MARKETING_VERSION = 1.0;
				PRODUCT_BUNDLE_IDENTIFIER = "com.twodayslate.kandji-demo";
				PRODUCT_NAME = "$(TARGET_NAME)";
				SWIFT_EMIT_LOC_STRINGS = YES;
				SWIFT_VERSION = 5.0;
			};
			name = Debug;
		};
		F651875726FD4CAE009CDF69 /* Release */ = {
			isa = XCBuildConfiguration;
			buildSettings = {
				ALWAYS_EMBED_SWIFT_STANDARD_LIBRARIES = YES;
				ASSETCATALOG_COMPILER_APPICON_NAME = AppIcon;
				ASSETCATALOG_COMPILER_GLOBAL_ACCENT_COLOR_NAME = AccentColor;
				CODE_SIGN_ENTITLEMENTS = "kandji-demo/kandji_demo.entitlements";
				CODE_SIGN_IDENTITY = "Apple Development";
				CODE_SIGN_STYLE = Automatic;
				COMBINE_HIDPI_IMAGES = YES;
				CURRENT_PROJECT_VERSION = 1;
				DEVELOPMENT_ASSET_PATHS = "\"kandji-demo/Preview Content\"";
				DEVELOPMENT_TEAM = "";
				ENABLE_HARDENED_RUNTIME = YES;
				ENABLE_PREVIEWS = YES;
				GENERATE_INFOPLIST_FILE = YES;
				INFOPLIST_KEY_NSHumanReadableCopyright = "";
				LD_RUNPATH_SEARCH_PATHS = (
					"$(inherited)",
					"@executable_path/../Frameworks",
				);
				MACOSX_DEPLOYMENT_TARGET = 11.0;
				MARKETING_VERSION = 1.0;
				PRODUCT_BUNDLE_IDENTIFIER = "com.twodayslate.kandji-demo";
				PRODUCT_NAME = "$(TARGET_NAME)";
				SWIFT_EMIT_LOC_STRINGS = YES;
				"SWIFT_OBJC_BRIDGING_HEADER[arch=*]" = "";
				SWIFT_VERSION = 5.0;
			};
			name = Release;
		};
		F651875926FD4CAE009CDF69 /* Debug */ = {
			isa = XCBuildConfiguration;
			buildSettings = {
				ALWAYS_EMBED_SWIFT_STANDARD_LIBRARIES = YES;
				BUNDLE_LOADER = "$(TEST_HOST)";
				CODE_SIGN_STYLE = Automatic;
				COMBINE_HIDPI_IMAGES = YES;
				CURRENT_PROJECT_VERSION = 1;
				DEVELOPMENT_TEAM = C6L3992RFB;
				GENERATE_INFOPLIST_FILE = YES;
				LD_RUNPATH_SEARCH_PATHS = (
					"$(inherited)",
					"@executable_path/../Frameworks",
					"@loader_path/../Frameworks",
				);
				MACOSX_DEPLOYMENT_TARGET = 11.0;
				MARKETING_VERSION = 1.0;
				PRODUCT_BUNDLE_IDENTIFIER = "com.twodayslate.kandji-demoTests";
				PRODUCT_NAME = "$(TARGET_NAME)";
				SWIFT_EMIT_LOC_STRINGS = NO;
				SWIFT_VERSION = 5.0;
				TEST_HOST = "$(BUILT_PRODUCTS_DIR)/kandji-demo.app/Contents/MacOS/kandji-demo";
			};
			name = Debug;
		};
		F651875A26FD4CAE009CDF69 /* Release */ = {
			isa = XCBuildConfiguration;
			buildSettings = {
				ALWAYS_EMBED_SWIFT_STANDARD_LIBRARIES = YES;
				BUNDLE_LOADER = "$(TEST_HOST)";
				CODE_SIGN_STYLE = Automatic;
				COMBINE_HIDPI_IMAGES = YES;
				CURRENT_PROJECT_VERSION = 1;
				DEVELOPMENT_TEAM = C6L3992RFB;
				GENERATE_INFOPLIST_FILE = YES;
				LD_RUNPATH_SEARCH_PATHS = (
					"$(inherited)",
					"@executable_path/../Frameworks",
					"@loader_path/../Frameworks",
				);
				MACOSX_DEPLOYMENT_TARGET = 11.0;
				MARKETING_VERSION = 1.0;
				PRODUCT_BUNDLE_IDENTIFIER = "com.twodayslate.kandji-demoTests";
				PRODUCT_NAME = "$(TARGET_NAME)";
				SWIFT_EMIT_LOC_STRINGS = NO;
				SWIFT_VERSION = 5.0;
				TEST_HOST = "$(BUILT_PRODUCTS_DIR)/kandji-demo.app/Contents/MacOS/kandji-demo";
			};
			name = Release;
		};
		F651875C26FD4CAE009CDF69 /* Debug */ = {
			isa = XCBuildConfiguration;
			buildSettings = {
				ALWAYS_EMBED_SWIFT_STANDARD_LIBRARIES = YES;
				CODE_SIGN_STYLE = Automatic;
				COMBINE_HIDPI_IMAGES = YES;
				CURRENT_PROJECT_VERSION = 1;
				DEVELOPMENT_TEAM = C6L3992RFB;
				GENERATE_INFOPLIST_FILE = YES;
				LD_RUNPATH_SEARCH_PATHS = (
					"$(inherited)",
					"@executable_path/../Frameworks",
					"@loader_path/../Frameworks",
				);
				MARKETING_VERSION = 1.0;
				PRODUCT_BUNDLE_IDENTIFIER = "com.twodayslate.kandji-demoUITests";
				PRODUCT_NAME = "$(TARGET_NAME)";
				SWIFT_EMIT_LOC_STRINGS = NO;
				SWIFT_VERSION = 5.0;
				TEST_TARGET_NAME = "kandji-demo";
			};
			name = Debug;
		};
		F651875D26FD4CAE009CDF69 /* Release */ = {
			isa = XCBuildConfiguration;
			buildSettings = {
				ALWAYS_EMBED_SWIFT_STANDARD_LIBRARIES = YES;
				CODE_SIGN_STYLE = Automatic;
				COMBINE_HIDPI_IMAGES = YES;
				CURRENT_PROJECT_VERSION = 1;
				DEVELOPMENT_TEAM = C6L3992RFB;
				GENERATE_INFOPLIST_FILE = YES;
				LD_RUNPATH_SEARCH_PATHS = (
					"$(inherited)",
					"@executable_path/../Frameworks",
					"@loader_path/../Frameworks",
				);
				MARKETING_VERSION = 1.0;
				PRODUCT_BUNDLE_IDENTIFIER = "com.twodayslate.kandji-demoUITests";
				PRODUCT_NAME = "$(TARGET_NAME)";
				SWIFT_EMIT_LOC_STRINGS = NO;
				SWIFT_VERSION = 5.0;
				TEST_TARGET_NAME = "kandji-demo";
			};
			name = Release;
		};
		F651876F26FD4CC2009CDF69 /* Debug */ = {
			isa = XCBuildConfiguration;
			buildSettings = {
				CLANG_ENABLE_MODULES = YES;
				CODE_SIGN_ENTITLEMENTS = filexpc/filexpc.entitlements;
				CODE_SIGN_STYLE = Automatic;
				COMBINE_HIDPI_IMAGES = YES;
				CURRENT_PROJECT_VERSION = 1;
				DEVELOPMENT_TEAM = C6L3992RFB;
				ENABLE_HARDENED_RUNTIME = YES;
				GENERATE_INFOPLIST_FILE = YES;
				INFOPLIST_FILE = filexpc/Info.plist;
				INFOPLIST_KEY_CFBundleDisplayName = filexpc;
				INFOPLIST_KEY_NSHumanReadableCopyright = "";
				LD_RUNPATH_SEARCH_PATHS = (
					"$(inherited)",
					"@executable_path/../Frameworks",
					"@loader_path/../Frameworks",
				);
				MARKETING_VERSION = 1.0;
				PRODUCT_BUNDLE_IDENTIFIER = "com.twodayslate.kandji-demo.filexpc";
				PRODUCT_NAME = "$(TARGET_NAME)";
				SKIP_INSTALL = YES;
				SWIFT_EMIT_LOC_STRINGS = YES;
				SWIFT_OPTIMIZATION_LEVEL = "-Onone";
				SWIFT_VERSION = 5.0;
			};
			name = Debug;
		};
		F651877026FD4CC2009CDF69 /* Release */ = {
			isa = XCBuildConfiguration;
			buildSettings = {
				CLANG_ENABLE_MODULES = YES;
				CODE_SIGN_ENTITLEMENTS = filexpc/filexpc.entitlements;
				CODE_SIGN_STYLE = Automatic;
				COMBINE_HIDPI_IMAGES = YES;
				CURRENT_PROJECT_VERSION = 1;
				DEVELOPMENT_TEAM = C6L3992RFB;
				ENABLE_HARDENED_RUNTIME = YES;
				GENERATE_INFOPLIST_FILE = YES;
				INFOPLIST_FILE = filexpc/Info.plist;
				INFOPLIST_KEY_CFBundleDisplayName = filexpc;
				INFOPLIST_KEY_NSHumanReadableCopyright = "";
				LD_RUNPATH_SEARCH_PATHS = (
					"$(inherited)",
					"@executable_path/../Frameworks",
					"@loader_path/../Frameworks",
				);
				MARKETING_VERSION = 1.0;
				PRODUCT_BUNDLE_IDENTIFIER = "com.twodayslate.kandji-demo.filexpc";
				PRODUCT_NAME = "$(TARGET_NAME)";
				SKIP_INSTALL = YES;
				SWIFT_EMIT_LOC_STRINGS = YES;
				SWIFT_VERSION = 5.0;
			};
			name = Release;
		};
/* End XCBuildConfiguration section */

/* Begin XCConfigurationList section */
		F651872B26FD4CAB009CDF69 /* Build configuration list for PBXProject "kandji-demo" */ = {
			isa = XCConfigurationList;
			buildConfigurations = (
				F651875326FD4CAE009CDF69 /* Debug */,
				F651875426FD4CAE009CDF69 /* Release */,
			);
			defaultConfigurationIsVisible = 0;
			defaultConfigurationName = Release;
		};
		F651875526FD4CAE009CDF69 /* Build configuration list for PBXNativeTarget "kandji-demo" */ = {
			isa = XCConfigurationList;
			buildConfigurations = (
				F651875626FD4CAE009CDF69 /* Debug */,
				F651875726FD4CAE009CDF69 /* Release */,
			);
			defaultConfigurationIsVisible = 0;
			defaultConfigurationName = Release;
		};
		F651875826FD4CAE009CDF69 /* Build configuration list for PBXNativeTarget "kandji-demoTests" */ = {
			isa = XCConfigurationList;
			buildConfigurations = (
				F651875926FD4CAE009CDF69 /* Debug */,
				F651875A26FD4CAE009CDF69 /* Release */,
			);
			defaultConfigurationIsVisible = 0;
			defaultConfigurationName = Release;
		};
		F651875B26FD4CAE009CDF69 /* Build configuration list for PBXNativeTarget "kandji-demoUITests" */ = {
			isa = XCConfigurationList;
			buildConfigurations = (
				F651875C26FD4CAE009CDF69 /* Debug */,
				F651875D26FD4CAE009CDF69 /* Release */,
			);
			defaultConfigurationIsVisible = 0;
			defaultConfigurationName = Release;
		};
		F651876E26FD4CC2009CDF69 /* Build configuration list for PBXNativeTarget "filexpc" */ = {
			isa = XCConfigurationList;
			buildConfigurations = (
				F651876F26FD4CC2009CDF69 /* Debug */,
				F651877026FD4CC2009CDF69 /* Release */,
			);
			defaultConfigurationIsVisible = 0;
			defaultConfigurationName = Release;
		};
/* End XCConfigurationList section */
	};
	rootObject = F651872826FD4CAB009CDF69 /* Project object */;
}
